
Microsoft Visual Studio Solution File, Format Version 12.00
# Visual Studio 14
VisualStudioVersion = 14.0.24720.0
MinimumVisualStudioVersion = 10.0.40219.1
Project("{FAE04EC0-301F-11D3-BF4B-00C04F79EFBC}") = "SedgewickWayne.Algorithms", "SedgewickWayne.Algorithms\SedgewickWayne.Algorithms.csproj", "{B53D86FD-7548-4BFF-B388-11ACDF8D6083}"
EndProject
Project("{FAE04EC0-301F-11D3-BF4B-00C04F79EFBC}") = "SedgewickWayne.Algorithms.MsTest", "SedgewickWayne.Algorithms.MsTest\SedgewickWayne.Algorithms.MsTest.csproj", "{ADC577BB-7AD5-488E-BA8D-F89EAC47843C}"
EndProject
Global
	GlobalSection(SolutionConfigurationPlatforms) = preSolution
		Debug|Any CPU = Debug|Any CPU
		Release|Any CPU = Release|Any CPU
	EndGlobalSection
	GlobalSection(ProjectConfigurationPlatforms) = postSolution
		{B53D86FD-7548-4BFF-B388-11ACDF8D6083}.Debug|Any CPU.ActiveCfg = Debug|Any CPU
		{B53D86FD-7548-4BFF-B388-11ACDF8D6083}.Debug|Any CPU.Build.0 = Debug|Any CPU
		{B53D86FD-7548-4BFF-B388-11ACDF8D6083}.Release|Any CPU.ActiveCfg = Release|Any CPU
		{B53D86FD-7548-4BFF-B388-11ACDF8D6083}.Release|Any CPU.Build.0 = Release|Any CPU
		{ADC577BB-7AD5-488E-BA8D-F89EAC47843C}.Debug|Any CPU.ActiveCfg = Debug|Any CPU
		{ADC577BB-7AD5-488E-BA8D-F89EAC47843C}.Debug|Any CPU.Build.0 = Debug|Any CPU
		{ADC577BB-7AD5-488E-BA8D-F89EAC47843C}.Release|Any CPU.ActiveCfg = Release|Any CPU
		{ADC577BB-7AD5-488E-BA8D-F89EAC47843C}.Release|Any CPU.Build.0 = Release|Any CPU
	EndGlobalSection
	GlobalSection(SolutionProperties) = preSolution
		HideSolutionNode = FALSE
	EndGlobalSection
EndGlobal
