
Microsoft Visual Studio Solution File, Format Version 12.00
# Visual Studio Version 17
VisualStudioVersion = 17.1.32328.378
MinimumVisualStudioVersion = 10.0.40219.1
Project("{9A19103F-16F7-4668-BE54-9A1E7A4F7556}") = "SedgewickWayne.Algorithms", "src\SedgewickWayne.Algorithms.csproj", "{B53D86FD-7548-4BFF-B388-11ACDF8D6083}"
EndProject
Project("{9A19103F-16F7-4668-BE54-9A1E7A4F7556}") = "SedgewickWayne.Algorithms.UnitTests", "test\unit\SedgewickWayne.Algorithms.UnitTests.csproj", "{ADC577BB-7AD5-488E-BA8D-F89EAC47843C}"
EndProject
Project("{9A19103F-16F7-4668-BE54-9A1E7A4F7556}") = "SedgewickWayne.Algorithms.PerformanceTests", "test\performance\SedgewickWayne.Algorithms.PerformanceTests.csproj", "{C60B5461-2CBF-4F06-B0FC-A41FDF93705B}"
EndProject
Global
	GlobalSection(SolutionConfigurationPlatforms) = preSolution
		Debug|Any CPU = Debug|Any CPU
		Release|Any CPU = Release|Any CPU
	EndGlobalSection
	GlobalSection(ProjectConfigurationPlatforms) = postSolution
		{B53D86FD-7548-4BFF-B388-11ACDF8D6083}.Debug|Any CPU.ActiveCfg = Debug|Any CPU
		{B53D86FD-7548-4BFF-B388-11ACDF8D6083}.Debug|Any CPU.Build.0 = Debug|Any CPU
		{B53D86FD-7548-4BFF-B388-11ACDF8D6083}.Release|Any CPU.ActiveCfg = Release|Any CPU
		{B53D86FD-7548-4BFF-B388-11ACDF8D6083}.Release|Any CPU.Build.0 = Release|Any CPU
		{ADC577BB-7AD5-488E-BA8D-F89EAC47843C}.Debug|Any CPU.ActiveCfg = Debug|Any CPU
		{ADC577BB-7AD5-488E-BA8D-F89EAC47843C}.Debug|Any CPU.Build.0 = Debug|Any CPU
		{ADC577BB-7AD5-488E-BA8D-F89EAC47843C}.Release|Any CPU.ActiveCfg = Release|Any CPU
		{ADC577BB-7AD5-488E-BA8D-F89EAC47843C}.Release|Any CPU.Build.0 = Release|Any CPU
		{C60B5461-2CBF-4F06-B0FC-A41FDF93705B}.Debug|Any CPU.ActiveCfg = Debug|Any CPU
		{C60B5461-2CBF-4F06-B0FC-A41FDF93705B}.Debug|Any CPU.Build.0 = Debug|Any CPU
		{C60B5461-2CBF-4F06-B0FC-A41FDF93705B}.Release|Any CPU.ActiveCfg = Release|Any CPU
		{C60B5461-2CBF-4F06-B0FC-A41FDF93705B}.Release|Any CPU.Build.0 = Release|Any CPU
	EndGlobalSection
	GlobalSection(SolutionProperties) = preSolution
		HideSolutionNode = FALSE
	EndGlobalSection
	GlobalSection(ExtensibilityGlobals) = postSolution
		SolutionGuid = {9DE43E90-DEBC-46B8-B508-9BE79303A89F}
	EndGlobalSection
EndGlobal
